{
  "version": 4,
  "terraform_version": "1.9.8",
  "serial": 82,
  "lineage": "27e6e20f-4a82-5cb5-b13f-1b54b8eb8491",
  "outputs": {},
  "resources": [
    {
      "mode": "data",
      "type": "azurerm_client_config",
      "name": "current",
      "provider": "provider[\"registry.terraform.io/hashicorp/azurerm\"]",
      "instances": [
        {
          "schema_version": 0,
          "attributes": {
            "client_id": "04b07795-8ddb-461a-bbee-02f9e1bf7b46",
            "id": "Y2xpZW50Q29uZmlncy9jbGllbnRJZD0wNGIwNzc5NS04ZGRiLTQ2MWEtYmJlZS0wMmY5ZTFiZjdiNDY7b2JqZWN0SWQ9MDVkYmJmNzUtZGJmNi00NWVjLThjOGItNzgyNDI5ZjYwZTQ2O3N1YnNjcmlwdGlvbklkPTJmZjhiMDdjLTIyYzQtNDY1Ni1hNDQ5LTNiY2YzYmFjMWY0NDt0ZW5hbnRJZD1kYmQ2NjY0ZC00ZWI5LTQ2ZWItOTlkOC01YzQzYmExNTNjNjE=",
            "object_id": "05dbbf75-dbf6-45ec-8c8b-782429f60e46",
            "subscription_id": "2ff8b07c-22c4-4656-a449-3bcf3bac1f44",
            "tenant_id": "dbd6664d-4eb9-46eb-99d8-5c43ba153c61",
            "timeouts": null
          },
          "sensitive_attributes": []
        }
      ]
    },
    {
      "mode": "managed",
      "type": "azurerm_key_vault",
      "name": "talendcicd_kv",
      "provider": "provider[\"registry.terraform.io/hashicorp/azurerm\"]",
      "instances": [
        {
          "schema_version": 2,
          "attributes": {
            "access_policy": [
              {
                "application_id": "",
                "certificate_permissions": [],
                "key_permissions": [],
                "object_id": "05dbbf75-dbf6-45ec-8c8b-782429f60e46",
                "secret_permissions": [
                  "Get",
                  "List",
                  "Set"
                ],
                "storage_permissions": [],
                "tenant_id": "dbd6664d-4eb9-46eb-99d8-5c43ba153c61"
              }
            ],
            "contact": [],
            "enable_rbac_authorization": false,
            "enabled_for_deployment": false,
            "enabled_for_disk_encryption": false,
            "enabled_for_template_deployment": false,
            "id": "/subscriptions/2ff8b07c-22c4-4656-a449-3bcf3bac1f44/resourceGroups/rg-talendcicd-dev/providers/Microsoft.KeyVault/vaults/kv-talendcicd-dev",
            "location": "francecentral",
            "name": "kv-talendcicd-dev",
            "network_acls": [
              {
                "bypass": "AzureServices",
                "default_action": "Allow",
                "ip_rules": [],
                "virtual_network_subnet_ids": []
              }
            ],
            "public_network_access_enabled": true,
            "purge_protection_enabled": true,
            "resource_group_name": "rg-talendcicd-dev",
            "sku_name": "standard",
            "soft_delete_retention_days": 90,
            "tags": {
              "environment": "dev",
              "project": "talend-cicd"
            },
            "tenant_id": "dbd6664d-4eb9-46eb-99d8-5c43ba153c61",
            "timeouts": null,
            "vault_uri": "https://kv-talendcicd-dev.vault.azure.net/"
          },
          "sensitive_attributes": [],
          "private": "eyJlMmJmYjczMC1lY2FhLTExZTYtOGY4OC0zNDM2M2JjN2M0YzAiOnsiY3JlYXRlIjoxODAwMDAwMDAwMDAwLCJkZWxldGUiOjE4MDAwMDAwMDAwMDAsInJlYWQiOjMwMDAwMDAwMDAwMCwidXBkYXRlIjoxODAwMDAwMDAwMDAwfSwic2NoZW1hX3ZlcnNpb24iOiIyIn0=",
          "dependencies": [
            "azurerm_resource_group.talendcicd_rg",
            "data.azurerm_client_config.current"
          ]
        }
      ]
    },
    {
      "mode": "managed",
      "type": "azurerm_key_vault_secret",
      "name": "admin_password",
      "provider": "provider[\"registry.terraform.io/hashicorp/azurerm\"]",
      "instances": [
        {
          "schema_version": 0,
          "attributes": {
            "content_type": "",
            "expiration_date": null,
            "id": "https://kv-talendcicd-dev.vault.azure.net/secrets/admin-password/035fc0ace242499db29e3ccc77edd54f",
            "key_vault_id": "/subscriptions/2ff8b07c-22c4-4656-a449-3bcf3bac1f44/resourceGroups/rg-talendcicd-dev/providers/Microsoft.KeyVault/vaults/kv-talendcicd-dev",
            "name": "admin-password",
            "not_before_date": null,
            "resource_id": "/subscriptions/2ff8b07c-22c4-4656-a449-3bcf3bac1f44/resourceGroups/rg-talendcicd-dev/providers/Microsoft.KeyVault/vaults/kv-talendcicd-dev/secrets/admin-password/versions/035fc0ace242499db29e3ccc77edd54f",
            "resource_versionless_id": "/subscriptions/2ff8b07c-22c4-4656-a449-3bcf3bac1f44/resourceGroups/rg-talendcicd-dev/providers/Microsoft.KeyVault/vaults/kv-talendcicd-dev/secrets/admin-password",
            "tags": {},
            "timeouts": null,
            "value": "zRxDb9xynXcKGRmW",
            "version": "035fc0ace242499db29e3ccc77edd54f",
            "versionless_id": "https://kv-talendcicd-dev.vault.azure.net/secrets/admin-password"
          },
          "sensitive_attributes": [
            [
              {
                "type": "get_attr",
                "value": "value"
              }
            ]
          ],
          "private": "eyJlMmJmYjczMC1lY2FhLTExZTYtOGY4OC0zNDM2M2JjN2M0YzAiOnsiY3JlYXRlIjoxODAwMDAwMDAwMDAwLCJkZWxldGUiOjE4MDAwMDAwMDAwMDAsInJlYWQiOjE4MDAwMDAwMDAwMDAsInVwZGF0ZSI6MTgwMDAwMDAwMDAwMH19",
          "dependencies": [
            "azurerm_key_vault.talendcicd_kv",
            "azurerm_resource_group.talendcicd_rg",
            "data.azurerm_client_config.current",
            "random_password.admin_pwd"
          ]
        }
      ]
    },
    {
      "mode": "managed",
      "type": "azurerm_resource_group",
      "name": "talendcicd_rg",
      "provider": "provider[\"registry.terraform.io/hashicorp/azurerm\"]",
      "instances": [
        {
          "schema_version": 0,
          "attributes": {
            "id": "/subscriptions/2ff8b07c-22c4-4656-a449-3bcf3bac1f44/resourceGroups/rg-talendcicd-dev",
            "location": "francecentral",
            "managed_by": "",
            "name": "rg-talendcicd-dev",
            "tags": {
              "environment": "dev",
              "project": "talend-cicd"
            },
            "timeouts": null
          },
          "sensitive_attributes": [],
          "private": "eyJlMmJmYjczMC1lY2FhLTExZTYtOGY4OC0zNDM2M2JjN2M0YzAiOnsiY3JlYXRlIjo1NDAwMDAwMDAwMDAwLCJkZWxldGUiOjU0MDAwMDAwMDAwMDAsInJlYWQiOjMwMDAwMDAwMDAwMCwidXBkYXRlIjo1NDAwMDAwMDAwMDAwfX0="
        }
      ]
    },
    {
      "mode": "managed",
      "type": "random_password",
      "name": "admin_pwd",
      "provider": "provider[\"registry.terraform.io/hashicorp/random\"]",
      "instances": [
        {
          "schema_version": 3,
          "attributes": {
            "bcrypt_hash": "$2a$10$GDdbGHE8gXfaUyVSLHacpexxVtZSwflWJEKdiEnCj8NcDhQxpD9xC",
            "id": "none",
            "keepers": null,
            "length": 16,
            "lower": true,
            "min_lower": 0,
            "min_numeric": 0,
            "min_special": 0,
            "min_upper": 0,
            "number": true,
            "numeric": true,
            "override_special": null,
            "result": "zRxDb9xynXcKGRmW",
            "special": true,
            "upper": true
          },
          "sensitive_attributes": [
            [
              {
                "type": "get_attr",
                "value": "result"
              }
            ],
            [
              {
                "type": "get_attr",
                "value": "bcrypt_hash"
              }
            ]
          ]
        }
      ]
    }
  ],
  "check_results": null
}
