{
  "version": 4,
  "terraform_version": "1.9.8",
  "serial": 73,
  "lineage": "27e6e20f-4a82-5cb5-b13f-1b54b8eb8491",
  "outputs": {},
  "resources": [
    {
      "mode": "data",
      "type": "azurerm_client_config",
      "name": "current",
      "provider": "provider[\"registry.terraform.io/hashicorp/azurerm\"]",
      "instances": [
        {
          "schema_version": 0,
          "attributes": {
            "client_id": "04b07795-8ddb-461a-bbee-02f9e1bf7b46",
            "id": "Y2xpZW50Q29uZmlncy9jbGllbnRJZD0wNGIwNzc5NS04ZGRiLTQ2MWEtYmJlZS0wMmY5ZTFiZjdiNDY7b2JqZWN0SWQ9MDVkYmJmNzUtZGJmNi00NWVjLThjOGItNzgyNDI5ZjYwZTQ2O3N1YnNjcmlwdGlvbklkPTJmZjhiMDdjLTIyYzQtNDY1Ni1hNDQ5LTNiY2YzYmFjMWY0NDt0ZW5hbnRJZD1kYmQ2NjY0ZC00ZWI5LTQ2ZWItOTlkOC01YzQzYmExNTNjNjE=",
            "object_id": "05dbbf75-dbf6-45ec-8c8b-782429f60e46",
            "subscription_id": "2ff8b07c-22c4-4656-a449-3bcf3bac1f44",
            "tenant_id": "dbd6664d-4eb9-46eb-99d8-5c43ba153c61",
            "timeouts": null
          },
          "sensitive_attributes": []
        }
      ]
    },
    {
      "mode": "managed",
      "type": "azurerm_key_vault",
      "name": "talendcicd_kv",
      "provider": "provider[\"registry.terraform.io/hashicorp/azurerm\"]",
      "instances": [
        {
          "schema_version": 2,
          "attributes": {
            "access_policy": [
              {
                "application_id": "",
                "certificate_permissions": null,
                "key_permissions": null,
                "object_id": "05dbbf75-dbf6-45ec-8c8b-782429f60e46",
                "secret_permissions": [
                  "Get",
                  "List",
                  "Set"
                ],
                "storage_permissions": null,
                "tenant_id": "dbd6664d-4eb9-46eb-99d8-5c43ba153c61"
              }
            ],
            "contact": [],
            "enable_rbac_authorization": false,
            "enabled_for_deployment": false,
            "enabled_for_disk_encryption": false,
            "enabled_for_template_deployment": false,
            "id": "/subscriptions/2ff8b07c-22c4-4656-a449-3bcf3bac1f44/resourceGroups/rg-talendcicd-dev/providers/Microsoft.KeyVault/vaults/kv-talendcicd-dev",
            "location": "francecentral",
            "name": "kv-talendcicd-dev",
            "network_acls": [
              {
                "bypass": "AzureServices",
                "default_action": "Allow",
                "ip_rules": [],
                "virtual_network_subnet_ids": []
              }
            ],
            "public_network_access_enabled": true,
            "purge_protection_enabled": true,
            "resource_group_name": "rg-talendcicd-dev",
            "sku_name": "standard",
            "soft_delete_retention_days": 90,
            "tags": {
              "environment": "dev",
              "project": "talend-cicd"
            },
            "tenant_id": "dbd6664d-4eb9-46eb-99d8-5c43ba153c61",
            "timeouts": null,
            "vault_uri": "https://kv-talendcicd-dev.vault.azure.net/"
          },
          "sensitive_attributes": [],
          "private": "eyJlMmJmYjczMC1lY2FhLTExZTYtOGY4OC0zNDM2M2JjN2M0YzAiOnsiY3JlYXRlIjoxODAwMDAwMDAwMDAwLCJkZWxldGUiOjE4MDAwMDAwMDAwMDAsInJlYWQiOjMwMDAwMDAwMDAwMCwidXBkYXRlIjoxODAwMDAwMDAwMDAwfSwic2NoZW1hX3ZlcnNpb24iOiIyIn0=",
          "dependencies": [
            "azurerm_resource_group.talendcicd_rg",
            "data.azurerm_client_config.current"
          ]
        }
      ]
    },
    {
      "mode": "managed",
      "type": "azurerm_key_vault_secret",
      "name": "admin_password",
      "provider": "provider[\"registry.terraform.io/hashicorp/azurerm\"]",
      "instances": [
        {
          "schema_version": 0,
          "attributes": {
            "content_type": "",
            "expiration_date": null,
            "id": "https://kv-talendcicd-dev.vault.azure.net/secrets/admin-password/035fc0ace242499db29e3ccc77edd54f",
            "key_vault_id": "/subscriptions/2ff8b07c-22c4-4656-a449-3bcf3bac1f44/resourceGroups/rg-talendcicd-dev/providers/Microsoft.KeyVault/vaults/kv-talendcicd-dev",
            "name": "admin-password",
            "not_before_date": null,
            "resource_id": "/subscriptions/2ff8b07c-22c4-4656-a449-3bcf3bac1f44/resourceGroups/rg-talendcicd-dev/providers/Microsoft.KeyVault/vaults/kv-talendcicd-dev/secrets/admin-password/versions/035fc0ace242499db29e3ccc77edd54f",
            "resource_versionless_id": "/subscriptions/2ff8b07c-22c4-4656-a449-3bcf3bac1f44/resourceGroups/rg-talendcicd-dev/providers/Microsoft.KeyVault/vaults/kv-talendcicd-dev/secrets/admin-password",
            "tags": null,
            "timeouts": null,
            "value": "zRxDb9xynXcKGRmW",
            "version": "035fc0ace242499db29e3ccc77edd54f",
            "versionless_id": "https://kv-talendcicd-dev.vault.azure.net/secrets/admin-password"
          },
          "sensitive_attributes": [
            [
              {
                "type": "get_attr",
                "value": "value"
              }
            ]
          ],
          "private": "eyJlMmJmYjczMC1lY2FhLTExZTYtOGY4OC0zNDM2M2JjN2M0YzAiOnsiY3JlYXRlIjoxODAwMDAwMDAwMDAwLCJkZWxldGUiOjE4MDAwMDAwMDAwMDAsInJlYWQiOjE4MDAwMDAwMDAwMDAsInVwZGF0ZSI6MTgwMDAwMDAwMDAwMH19",
          "dependencies": [
            "azurerm_key_vault.talendcicd_kv",
            "azurerm_resource_group.talendcicd_rg",
            "data.azurerm_client_config.current",
            "random_password.admin_pwd"
          ]
        }
      ]
    },
    {
      "mode": "managed",
      "type": "azurerm_network_interface",
      "name": "talendcicd_nic",
      "provider": "provider[\"registry.terraform.io/hashicorp/azurerm\"]",
      "instances": [
        {
          "schema_version": 0,
          "attributes": {
            "applied_dns_servers": [],
            "auxiliary_mode": "",
            "auxiliary_sku": "",
            "dns_servers": [],
            "edge_zone": "",
            "enable_accelerated_networking": false,
            "enable_ip_forwarding": false,
            "id": "/subscriptions/2ff8b07c-22c4-4656-a449-3bcf3bac1f44/resourceGroups/rg-talendcicd-dev/providers/Microsoft.Network/networkInterfaces/nic-talendcicd-dev",
            "internal_dns_name_label": "",
            "internal_domain_name_suffix": "sohtx2lgilqerd0wxss0m0yrcb.parx.internal.cloudapp.net",
            "ip_configuration": [
              {
                "gateway_load_balancer_frontend_ip_configuration_id": "",
                "name": "ipconfig1",
                "primary": true,
                "private_ip_address": "10.0.2.4",
                "private_ip_address_allocation": "Dynamic",
                "private_ip_address_version": "IPv4",
                "public_ip_address_id": "/subscriptions/2ff8b07c-22c4-4656-a449-3bcf3bac1f44/resourceGroups/rg-talendcicd-dev/providers/Microsoft.Network/publicIPAddresses/pip-talendcicd-dev",
                "subnet_id": "/subscriptions/2ff8b07c-22c4-4656-a449-3bcf3bac1f44/resourceGroups/rg-talendcicd-dev/providers/Microsoft.Network/virtualNetworks/vnet-talendcicd-dev/subnets/snet-talendcicd-dev"
              }
            ],
            "location": "francecentral",
            "mac_address": "",
            "name": "nic-talendcicd-dev",
            "private_ip_address": "10.0.2.4",
            "private_ip_addresses": [
              "10.0.2.4"
            ],
            "resource_group_name": "rg-talendcicd-dev",
            "tags": {
              "environment": "dev",
              "project": "talend-cicd"
            },
            "timeouts": null,
            "virtual_machine_id": ""
          },
          "sensitive_attributes": [],
          "private": "eyJlMmJmYjczMC1lY2FhLTExZTYtOGY4OC0zNDM2M2JjN2M0YzAiOnsiY3JlYXRlIjoxODAwMDAwMDAwMDAwLCJkZWxldGUiOjE4MDAwMDAwMDAwMDAsInJlYWQiOjMwMDAwMDAwMDAwMCwidXBkYXRlIjoxODAwMDAwMDAwMDAwfX0=",
          "dependencies": [
            "azurerm_public_ip.talendcicd_pip",
            "azurerm_resource_group.talendcicd_rg",
            "azurerm_subnet.talendcicd_subnet",
            "azurerm_virtual_network.talendcicd_vnet"
          ]
        }
      ]
    },
    {
      "mode": "managed",
      "type": "azurerm_network_security_group",
      "name": "talendcicd_nsg",
      "provider": "provider[\"registry.terraform.io/hashicorp/azurerm\"]",
      "instances": [
        {
          "schema_version": 0,
          "attributes": {
            "id": "/subscriptions/2ff8b07c-22c4-4656-a449-3bcf3bac1f44/resourceGroups/rg-talendcicd-dev/providers/Microsoft.Network/networkSecurityGroups/nsg-talendcicd-dev",
            "location": "francecentral",
            "name": "nsg-talendcicd-dev",
            "resource_group_name": "rg-talendcicd-dev",
            "security_rule": [
              {
                "access": "Allow",
                "description": "",
                "destination_address_prefix": "*",
                "destination_address_prefixes": [],
                "destination_application_security_group_ids": [],
                "destination_port_range": "3389",
                "destination_port_ranges": [],
                "direction": "Inbound",
                "name": "Allow-RDP",
                "priority": 1001,
                "protocol": "Tcp",
                "source_address_prefix": "*",
                "source_address_prefixes": [],
                "source_application_security_group_ids": [],
                "source_port_range": "*",
                "source_port_ranges": []
              }
            ],
            "tags": {
              "environment": "dev",
              "project": "talend-cicd"
            },
            "timeouts": null
          },
          "sensitive_attributes": [],
          "private": "eyJlMmJmYjczMC1lY2FhLTExZTYtOGY4OC0zNDM2M2JjN2M0YzAiOnsiY3JlYXRlIjoxODAwMDAwMDAwMDAwLCJkZWxldGUiOjE4MDAwMDAwMDAwMDAsInJlYWQiOjMwMDAwMDAwMDAwMCwidXBkYXRlIjoxODAwMDAwMDAwMDAwfX0=",
          "dependencies": [
            "azurerm_resource_group.talendcicd_rg"
          ]
        }
      ]
    },
    {
      "mode": "managed",
      "type": "azurerm_public_ip",
      "name": "talendcicd_pip",
      "provider": "provider[\"registry.terraform.io/hashicorp/azurerm\"]",
      "instances": [
        {
          "schema_version": 0,
          "attributes": {
            "allocation_method": "Static",
            "ddos_protection_mode": "VirtualNetworkInherited",
            "ddos_protection_plan_id": null,
            "domain_name_label": null,
            "edge_zone": "",
            "fqdn": null,
            "id": "/subscriptions/2ff8b07c-22c4-4656-a449-3bcf3bac1f44/resourceGroups/rg-talendcicd-dev/providers/Microsoft.Network/publicIPAddresses/pip-talendcicd-dev",
            "idle_timeout_in_minutes": 4,
            "ip_address": "52.143.143.136",
            "ip_tags": {},
            "ip_version": "IPv4",
            "location": "francecentral",
            "name": "pip-talendcicd-dev",
            "public_ip_prefix_id": null,
            "resource_group_name": "rg-talendcicd-dev",
            "reverse_fqdn": null,
            "sku": "Basic",
            "sku_tier": "Regional",
            "tags": {
              "environment": "dev",
              "project": "talend-cicd"
            },
            "timeouts": null,
            "zones": []
          },
          "sensitive_attributes": [],
          "private": "eyJlMmJmYjczMC1lY2FhLTExZTYtOGY4OC0zNDM2M2JjN2M0YzAiOnsiY3JlYXRlIjoxODAwMDAwMDAwMDAwLCJkZWxldGUiOjE4MDAwMDAwMDAwMDAsInJlYWQiOjMwMDAwMDAwMDAwMCwidXBkYXRlIjoxODAwMDAwMDAwMDAwfX0=",
          "dependencies": [
            "azurerm_resource_group.talendcicd_rg"
          ]
        }
      ]
    },
    {
      "mode": "managed",
      "type": "azurerm_resource_group",
      "name": "talendcicd_rg",
      "provider": "provider[\"registry.terraform.io/hashicorp/azurerm\"]",
      "instances": [
        {
          "schema_version": 0,
          "attributes": {
            "id": "/subscriptions/2ff8b07c-22c4-4656-a449-3bcf3bac1f44/resourceGroups/rg-talendcicd-dev",
            "location": "francecentral",
            "managed_by": "",
            "name": "rg-talendcicd-dev",
            "tags": {
              "environment": "dev",
              "project": "talend-cicd"
            },
            "timeouts": null
          },
          "sensitive_attributes": [],
          "private": "eyJlMmJmYjczMC1lY2FhLTExZTYtOGY4OC0zNDM2M2JjN2M0YzAiOnsiY3JlYXRlIjo1NDAwMDAwMDAwMDAwLCJkZWxldGUiOjU0MDAwMDAwMDAwMDAsInJlYWQiOjMwMDAwMDAwMDAwMCwidXBkYXRlIjo1NDAwMDAwMDAwMDAwfX0="
        }
      ]
    },
    {
      "mode": "managed",
      "type": "azurerm_subnet",
      "name": "talendcicd_subnet",
      "provider": "provider[\"registry.terraform.io/hashicorp/azurerm\"]",
      "instances": [
        {
          "schema_version": 0,
          "attributes": {
            "address_prefixes": [
              "10.0.2.0/24"
            ],
            "delegation": [],
            "enforce_private_link_endpoint_network_policies": false,
            "enforce_private_link_service_network_policies": false,
            "id": "/subscriptions/2ff8b07c-22c4-4656-a449-3bcf3bac1f44/resourceGroups/rg-talendcicd-dev/providers/Microsoft.Network/virtualNetworks/vnet-talendcicd-dev/subnets/snet-talendcicd-dev",
            "name": "snet-talendcicd-dev",
            "private_endpoint_network_policies_enabled": true,
            "private_link_service_network_policies_enabled": true,
            "resource_group_name": "rg-talendcicd-dev",
            "service_endpoint_policy_ids": [],
            "service_endpoints": [],
            "timeouts": null,
            "virtual_network_name": "vnet-talendcicd-dev"
          },
          "sensitive_attributes": [],
          "private": "eyJlMmJmYjczMC1lY2FhLTExZTYtOGY4OC0zNDM2M2JjN2M0YzAiOnsiY3JlYXRlIjoxODAwMDAwMDAwMDAwLCJkZWxldGUiOjE4MDAwMDAwMDAwMDAsInJlYWQiOjMwMDAwMDAwMDAwMCwidXBkYXRlIjoxODAwMDAwMDAwMDAwfX0=",
          "dependencies": [
            "azurerm_resource_group.talendcicd_rg",
            "azurerm_virtual_network.talendcicd_vnet"
          ]
        }
      ]
    },
    {
      "mode": "managed",
      "type": "azurerm_subnet_network_security_group_association",
      "name": "talendcicd_subnet_nsg_assoc",
      "provider": "provider[\"registry.terraform.io/hashicorp/azurerm\"]",
      "instances": [
        {
          "schema_version": 0,
          "attributes": {
            "id": "/subscriptions/2ff8b07c-22c4-4656-a449-3bcf3bac1f44/resourceGroups/rg-talendcicd-dev/providers/Microsoft.Network/virtualNetworks/vnet-talendcicd-dev/subnets/snet-talendcicd-dev",
            "network_security_group_id": "/subscriptions/2ff8b07c-22c4-4656-a449-3bcf3bac1f44/resourceGroups/rg-talendcicd-dev/providers/Microsoft.Network/networkSecurityGroups/nsg-talendcicd-dev",
            "subnet_id": "/subscriptions/2ff8b07c-22c4-4656-a449-3bcf3bac1f44/resourceGroups/rg-talendcicd-dev/providers/Microsoft.Network/virtualNetworks/vnet-talendcicd-dev/subnets/snet-talendcicd-dev",
            "timeouts": null
          },
          "sensitive_attributes": [],
          "private": "eyJlMmJmYjczMC1lY2FhLTExZTYtOGY4OC0zNDM2M2JjN2M0YzAiOnsiY3JlYXRlIjoxODAwMDAwMDAwMDAwLCJkZWxldGUiOjE4MDAwMDAwMDAwMDAsInJlYWQiOjMwMDAwMDAwMDAwMCwidXBkYXRlIjoxODAwMDAwMDAwMDAwfX0=",
          "dependencies": [
            "azurerm_network_security_group.talendcicd_nsg",
            "azurerm_resource_group.talendcicd_rg",
            "azurerm_subnet.talendcicd_subnet",
            "azurerm_virtual_network.talendcicd_vnet"
          ]
        }
      ]
    },
    {
      "mode": "managed",
      "type": "azurerm_virtual_network",
      "name": "talendcicd_vnet",
      "provider": "provider[\"registry.terraform.io/hashicorp/azurerm\"]",
      "instances": [
        {
          "schema_version": 0,
          "attributes": {
            "address_space": [
              "10.0.0.0/16"
            ],
            "bgp_community": "",
            "ddos_protection_plan": [],
            "dns_servers": [],
            "edge_zone": "",
            "encryption": [],
            "flow_timeout_in_minutes": 0,
            "guid": "f13b8f93-4266-48e0-8f56-bca5a66b1111",
            "id": "/subscriptions/2ff8b07c-22c4-4656-a449-3bcf3bac1f44/resourceGroups/rg-talendcicd-dev/providers/Microsoft.Network/virtualNetworks/vnet-talendcicd-dev",
            "location": "francecentral",
            "name": "vnet-talendcicd-dev",
            "resource_group_name": "rg-talendcicd-dev",
            "subnet": [
              {
                "address_prefix": "10.0.2.0/24",
                "id": "/subscriptions/2ff8b07c-22c4-4656-a449-3bcf3bac1f44/resourceGroups/rg-talendcicd-dev/providers/Microsoft.Network/virtualNetworks/vnet-talendcicd-dev/subnets/snet-talendcicd-dev",
                "name": "snet-talendcicd-dev",
                "security_group": "/subscriptions/2ff8b07c-22c4-4656-a449-3bcf3bac1f44/resourceGroups/rg-talendcicd-dev/providers/Microsoft.Network/networkSecurityGroups/nsg-talendcicd-dev"
              }
            ],
            "tags": {
              "environment": "dev",
              "project": "talend-cicd"
            },
            "timeouts": null
          },
          "sensitive_attributes": [],
          "private": "eyJlMmJmYjczMC1lY2FhLTExZTYtOGY4OC0zNDM2M2JjN2M0YzAiOnsiY3JlYXRlIjoxODAwMDAwMDAwMDAwLCJkZWxldGUiOjE4MDAwMDAwMDAwMDAsInJlYWQiOjMwMDAwMDAwMDAwMCwidXBkYXRlIjoxODAwMDAwMDAwMDAwfX0=",
          "dependencies": [
            "azurerm_resource_group.talendcicd_rg"
          ]
        }
      ]
    },
    {
      "mode": "managed",
      "type": "azurerm_windows_virtual_machine",
      "name": "talendcicd_vm",
      "provider": "provider[\"registry.terraform.io/hashicorp/azurerm\"]",
      "instances": [
        {
          "schema_version": 0,
          "attributes": {
            "additional_capabilities": [],
            "additional_unattend_content": [],
            "admin_password": "zRxDb9xynXcKGRmW",
            "admin_username": "houssemdammak",
            "allow_extension_operations": true,
            "availability_set_id": "",
            "boot_diagnostics": [],
            "bypass_platform_safety_checks_on_user_schedule_enabled": false,
            "capacity_reservation_group_id": "",
            "computer_name": "VM-TalendCICD",
            "custom_data": null,
            "dedicated_host_group_id": "",
            "dedicated_host_id": "",
            "edge_zone": "",
            "enable_automatic_updates": true,
            "encryption_at_host_enabled": false,
            "eviction_policy": "",
            "extensions_time_budget": "PT1H30M",
            "gallery_application": [],
            "hotpatching_enabled": false,
            "id": "/subscriptions/2ff8b07c-22c4-4656-a449-3bcf3bac1f44/resourceGroups/rg-talendcicd-dev/providers/Microsoft.Compute/virtualMachines/VM-TalendCICD",
            "identity": [],
            "license_type": "",
            "location": "francecentral",
            "max_bid_price": -1,
            "name": "VM-TalendCICD",
            "network_interface_ids": [
              "/subscriptions/2ff8b07c-22c4-4656-a449-3bcf3bac1f44/resourceGroups/rg-talendcicd-dev/providers/Microsoft.Network/networkInterfaces/nic-talendcicd-dev"
            ],
            "os_disk": [
              {
                "caching": "ReadWrite",
                "diff_disk_settings": [],
                "disk_encryption_set_id": "",
                "disk_size_gb": 127,
                "name": "VM-TalendCICD_OsDisk_1_ecf31931a8c14e64a463f11b7b29daa7",
                "secure_vm_disk_encryption_set_id": "",
                "security_encryption_type": "",
                "storage_account_type": "Standard_LRS",
                "write_accelerator_enabled": false
              }
            ],
            "patch_assessment_mode": "ImageDefault",
            "patch_mode": "AutomaticByOS",
            "plan": [],
            "platform_fault_domain": -1,
            "priority": "Regular",
            "private_ip_address": "10.0.2.4",
            "private_ip_addresses": [
              "10.0.2.4"
            ],
            "provision_vm_agent": true,
            "proximity_placement_group_id": "",
            "public_ip_address": "52.143.143.136",
            "public_ip_addresses": [
              "52.143.143.136"
            ],
            "reboot_setting": "",
            "resource_group_name": "rg-talendcicd-dev",
            "secret": [],
            "secure_boot_enabled": false,
            "size": "Standard_B2as_v2",
            "source_image_id": "",
            "source_image_reference": [
              {
                "offer": "WindowsServer",
                "publisher": "MicrosoftWindowsServer",
                "sku": "2022-datacenter-azure-edition",
                "version": "latest"
              }
            ],
            "tags": {
              "environment": "dev",
              "project": "talend-cicd"
            },
            "termination_notification": null,
            "timeouts": null,
            "timezone": "",
            "user_data": "",
            "virtual_machine_id": "7004dfb7-1767-4e81-89ae-cdb7b0c86e2f",
            "virtual_machine_scale_set_id": "",
            "vtpm_enabled": false,
            "winrm_listener": [],
            "zone": ""
          },
          "sensitive_attributes": [
            [
              {
                "type": "get_attr",
                "value": "custom_data"
              }
            ],
            [
              {
                "type": "get_attr",
                "value": "admin_password"
              }
            ]
          ],
          "private": "eyJlMmJmYjczMC1lY2FhLTExZTYtOGY4OC0zNDM2M2JjN2M0YzAiOnsiY3JlYXRlIjoyNzAwMDAwMDAwMDAwLCJkZWxldGUiOjI3MDAwMDAwMDAwMDAsInJlYWQiOjMwMDAwMDAwMDAwMCwidXBkYXRlIjoyNzAwMDAwMDAwMDAwfX0=",
          "dependencies": [
            "azurerm_key_vault.talendcicd_kv",
            "azurerm_key_vault_secret.admin_password",
            "azurerm_network_interface.talendcicd_nic",
            "azurerm_public_ip.talendcicd_pip",
            "azurerm_resource_group.talendcicd_rg",
            "azurerm_subnet.talendcicd_subnet",
            "azurerm_virtual_network.talendcicd_vnet",
            "data.azurerm_client_config.current",
            "random_password.admin_pwd"
          ]
        }
      ]
    },
    {
      "mode": "managed",
      "type": "random_password",
      "name": "admin_pwd",
      "provider": "provider[\"registry.terraform.io/hashicorp/random\"]",
      "instances": [
        {
          "schema_version": 3,
          "attributes": {
            "bcrypt_hash": "$2a$10$GDdbGHE8gXfaUyVSLHacpexxVtZSwflWJEKdiEnCj8NcDhQxpD9xC",
            "id": "none",
            "keepers": null,
            "length": 16,
            "lower": true,
            "min_lower": 0,
            "min_numeric": 0,
            "min_special": 0,
            "min_upper": 0,
            "number": true,
            "numeric": true,
            "override_special": null,
            "result": "zRxDb9xynXcKGRmW",
            "special": true,
            "upper": true
          },
          "sensitive_attributes": [
            [
              {
                "type": "get_attr",
                "value": "bcrypt_hash"
              }
            ],
            [
              {
                "type": "get_attr",
                "value": "result"
              }
            ]
          ]
        }
      ]
    }
  ],
  "check_results": null
}
